
Microsoft Visual Studio Solution File, Format Version 12.00
# Visual Studio 2012
Project("{FAE04EC0-301F-11D3-BF4B-00C04F79EFBC}") = "NavigationDrawer", "NavigationDrawer\NavigationDrawer.csproj", "{3FDA4CC5-67AA-49C0-837B-F3D98F6D6948}"
EndProject
Global
	GlobalSection(SolutionConfigurationPlatforms) = preSolution
		Debug|Any CPU = Debug|Any CPU
		Release|Any CPU = Release|Any CPU
	EndGlobalSection
	GlobalSection(ProjectConfigurationPlatforms) = postSolution
		{3FDA4CC5-67AA-49C0-837B-F3D98F6D6948}.Debug|Any CPU.ActiveCfg = Debug|Any CPU
		{3FDA4CC5-67AA-49C0-837B-F3D98F6D6948}.Debug|Any CPU.Build.0 = Debug|Any CPU
		{3FDA4CC5-67AA-49C0-837B-F3D98F6D6948}.Release|Any CPU.ActiveCfg = Release|Any CPU
		{3FDA4CC5-67AA-49C0-837B-F3D98F6D6948}.Release|Any CPU.Build.0 = Release|Any CPU
	EndGlobalSection
EndGlobal
